// !$*UTF8*$!
{
	archiveVersion = 1;
	classes = {
	};
	objectVersion = 46;
	objects = {

/* Begin PBXBuildFile section */
		9072AB571D87A25800383A8A /* main.m in Sources */ = {isa = PBXBuildFile; fileRef = 9072AB561D87A25800383A8A /* main.m */; };
		9072AB5A1D87A25800383A8A /* AppDelegate.m in Sources */ = {isa = PBXBuildFile; fileRef = 9072AB591D87A25800383A8A /* AppDelegate.m */; };
		9072AB5D1D87A25800383A8A /* ViewController.m in Sources */ = {isa = PBXBuildFile; fileRef = 9072AB5C1D87A25800383A8A /* ViewController.m */; };
		9072AB601D87A25800383A8A /* Main.storyboard in Resources */ = {isa = PBXBuildFile; fileRef = 9072AB5E1D87A25800383A8A /* Main.storyboard */; };
		9072AB621D87A25800383A8A /* Assets.xcassets in Resources */ = {isa = PBXBuildFile; fileRef = 9072AB611D87A25800383A8A /* Assets.xcassets */; };
		9072AB651D87A25800383A8A /* LaunchScreen.storyboard in Resources */ = {isa = PBXBuildFile; fileRef = 9072AB631D87A25800383A8A /* LaunchScreen.storyboard */; };
		9072AB6E1D87A2ED00383A8A /* CommonUtility.m in Sources */ = {isa = PBXBuildFile; fileRef = 9072AB6D1D87A2ED00383A8A /* CommonUtility.m */; };
/* End PBXBuildFile section */

/* Begin PBXFileReference section */
		9072AB521D87A25800383A8A /* CommonUtility.app */ = {isa = PBXFileReference; explicitFileType = wrapper.application; includeInIndex = 0; path = CommonUtility.app; sourceTree = BUILT_PRODUCTS_DIR; };
		9072AB561D87A25800383A8A /* main.m */ = {isa = PBXFileReference; lastKnownFileType = sourcecode.c.objc; path = main.m; sourceTree = "<group>"; };
		9072AB581D87A25800383A8A /* AppDelegate.h */ = {isa = PBXFileReference; lastKnownFileType = sourcecode.c.h; path = AppDelegate.h; sourceTree = "<group>"; };
		9072AB591D87A25800383A8A /* AppDelegate.m */ = {isa = PBXFileReference; lastKnownFileType = sourcecode.c.objc; path = AppDelegate.m; sourceTree = "<group>"; };
		9072AB5B1D87A25800383A8A /* ViewController.h */ = {isa = PBXFileReference; lastKnownFileType = sourcecode.c.h; path = ViewController.h; sourceTree = "<group>"; };
		9072AB5C1D87A25800383A8A /* ViewController.m */ = {isa = PBXFileReference; lastKnownFileType = sourcecode.c.objc; path = ViewController.m; sourceTree = "<group>"; };
		9072AB5F1D87A25800383A8A /* Base */ = {isa = PBXFileReference; lastKnownFileType = file.storyboard; name = Base; path = Base.lproj/Main.storyboard; sourceTree = "<group>"; };
		9072AB611D87A25800383A8A /* Assets.xcassets */ = {isa = PBXFileReference; lastKnownFileType = folder.assetcatalog; path = Assets.xcassets; sourceTree = "<group>"; };
		9072AB641D87A25800383A8A /* Base */ = {isa = PBXFileReference; lastKnownFileType = file.storyboard; name = Base; path = Base.lproj/LaunchScreen.storyboard; sourceTree = "<group>"; };
		9072AB661D87A25800383A8A /* Info.plist */ = {isa = PBXFileReference; lastKnownFileType = text.plist.xml; path = Info.plist; sourceTree = "<group>"; };
		9072AB6C1D87A2ED00383A8A /* CommonUtility.h */ = {isa = PBXFileReference; fileEncoding = 4; lastKnownFileType = sourcecode.c.h; path = CommonUtility.h; sourceTree = "<group>"; };
		9072AB6D1D87A2ED00383A8A /* CommonUtility.m */ = {isa = PBXFileReference; fileEncoding = 4; lastKnownFileType = sourcecode.c.objc; path = CommonUtility.m; sourceTree = "<group>"; };
/* End PBXFileReference section */

/* Begin PBXFrameworksBuildPhase section */
		9072AB4F1D87A25800383A8A /* Frameworks */ = {
			isa = PBXFrameworksBuildPhase;
			buildActionMask = 2147483647;
			files = (
			);
			runOnlyForDeploymentPostprocessing = 0;
		};
/* End PBXFrameworksBuildPhase section */

/* Begin PBXGroup section */
		9072AB491D87A25700383A8A = {
			isa = PBXGroup;
			children = (
				9072AB541D87A25800383A8A /* CommonUtility */,
				9072AB531D87A25800383A8A /* Products */,
			);
			sourceTree = "<group>";
		};
		9072AB531D87A25800383A8A /* Products */ = {
			isa = PBXGroup;
			children = (
				9072AB521D87A25800383A8A /* CommonUtility.app */,
			);
			name = Products;
			sourceTree = "<group>";
		};
		9072AB541D87A25800383A8A /* CommonUtility */ = {
			isa = PBXGroup;
			children = (
				9072AB581D87A25800383A8A /* AppDelegate.h */,
				9072AB591D87A25800383A8A /* AppDelegate.m */,
				9072AB5B1D87A25800383A8A /* ViewController.h */,
				9072AB5C1D87A25800383A8A /* ViewController.m */,
				9072AB6C1D87A2ED00383A8A /* CommonUtility.h */,
				9072AB6D1D87A2ED00383A8A /* CommonUtility.m */,
				9072AB5E1D87A25800383A8A /* Main.storyboard */,
				9072AB611D87A25800383A8A /* Assets.xcassets */,
				9072AB631D87A25800383A8A /* LaunchScreen.storyboard */,
				9072AB661D87A25800383A8A /* Info.plist */,
				9072AB551D87A25800383A8A /* Supporting Files */,
			);
			path = CommonUtility;
			sourceTree = "<group>";
		};
		9072AB551D87A25800383A8A /* Supporting Files */ = {
			isa = PBXGroup;
			children = (
				9072AB561D87A25800383A8A /* main.m */,
			);
			name = "Supporting Files";
			sourceTree = "<group>";
		};
/* End PBXGroup section */

/* Begin PBXNativeTarget section */
		9072AB511D87A25800383A8A /* CommonUtility */ = {
			isa = PBXNativeTarget;
			buildConfigurationList = 9072AB691D87A25800383A8A /* Build configuration list for PBXNativeTarget "CommonUtility" */;
			buildPhases = (
				9072AB4E1D87A25800383A8A /* Sources */,
				9072AB4F1D87A25800383A8A /* Frameworks */,
				9072AB501D87A25800383A8A /* Resources */,
			);
			buildRules = (
			);
			dependencies = (
			);
			name = CommonUtility;
			productName = CommonUtility;
			productReference = 9072AB521D87A25800383A8A /* CommonUtility.app */;
			productType = "com.apple.product-type.application";
		};
/* End PBXNativeTarget section */

/* Begin PBXProject section */
		9072AB4A1D87A25700383A8A /* Project object */ = {
			isa = PBXProject;
			attributes = {
				LastUpgradeCheck = 0730;
				ORGANIZATIONNAME = Dean;
				TargetAttributes = {
					9072AB511D87A25800383A8A = {
						CreatedOnToolsVersion = 7.3.1;
					};
				};
			};
			buildConfigurationList = 9072AB4D1D87A25700383A8A /* Build configuration list for PBXProject "CommonUtility" */;
			compatibilityVersion = "Xcode 3.2";
			developmentRegion = English;
			hasScannedForEncodings = 0;
			knownRegions = (
				en,
				Base,
			);
			mainGroup = 9072AB491D87A25700383A8A;
			productRefGroup = 9072AB531D87A25800383A8A /* Products */;
			projectDirPath = "";
			projectRoot = "";
			targets = (
				9072AB511D87A25800383A8A /* CommonUtility */,
			);
		};
/* End PBXProject section */

/* Begin PBXResourcesBuildPhase section */
		9072AB501D87A25800383A8A /* Resources */ = {
			isa = PBXResourcesBuildPhase;
			buildActionMask = 2147483647;
			files = (
				9072AB651D87A25800383A8A /* LaunchScreen.storyboard in Resources */,
				9072AB621D87A25800383A8A /* Assets.xcassets in Resources */,
				9072AB601D87A25800383A8A /* Main.storyboard in Resources */,
			);
			runOnlyForDeploymentPostprocessing = 0;
		};
/* End PBXResourcesBuildPhase section */

/* Begin PBXSourcesBuildPhase section */
		9072AB4E1D87A25800383A8A /* Sources */ = {
			isa = PBXSourcesBuildPhase;
			buildActionMask = 2147483647;
			files = (
				9072AB5D1D87A25800383A8A /* ViewController.m in Sources */,
				9072AB5A1D87A25800383A8A /* AppDelegate.m in Sources */,
				9072AB571D87A25800383A8A /* main.m in Sources */,
				9072AB6E1D87A2ED00383A8A /* CommonUtility.m in Sources */,
			);
			runOnlyForDeploymentPostprocessing = 0;
		};
/* End PBXSourcesBuildPhase section */

/* Begin PBXVariantGroup section */
		9072AB5E1D87A25800383A8A /* Main.storyboard */ = {
			isa = PBXVariantGroup;
			children = (
				9072AB5F1D87A25800383A8A /* Base */,
			);
			name = Main.storyboard;
			sourceTree = "<group>";
		};
		9072AB631D87A25800383A8A /* LaunchScreen.storyboard */ = {
			isa = PBXVariantGroup;
			children = (
				9072AB641D87A25800383A8A /* Base */,
			);
			name = LaunchScreen.storyboard;
			sourceTree = "<group>";
		};
/* End PBXVariantGroup section */

/* Begin XCBuildConfiguration section */
		9072AB671D87A25800383A8A /* Debug */ = {
			isa = XCBuildConfiguration;
			buildSettings = {
				ALWAYS_SEARCH_USER_PATHS = NO;
				CLANG_ANALYZER_NONNULL = YES;
				CLANG_CXX_LANGUAGE_STANDARD = "gnu++0x";
				CLANG_CXX_LIBRARY = "libc++";
				CLANG_ENABLE_MODULES = YES;
				CLANG_ENABLE_OBJC_ARC = YES;
				CLANG_WARN_BOOL_CONVERSION = YES;
				CLANG_WARN_CONSTANT_CONVERSION = YES;
				CLANG_WARN_DIRECT_OBJC_ISA_USAGE = YES_ERROR;
				CLANG_WARN_EMPTY_BODY = YES;
				CLANG_WARN_ENUM_CONVERSION = YES;
				CLANG_WARN_INT_CONVERSION = YES;
				CLANG_WARN_OBJC_ROOT_CLASS = YES_ERROR;
				CLANG_WARN_UNREACHABLE_CODE = YES;
				CLANG_WARN__DUPLICATE_METHOD_MATCH = YES;
				"CODE_SIGN_IDENTITY[sdk=iphoneos*]" = "iPhone Developer";
				COPY_PHASE_STRIP = NO;
				DEBUG_INFORMATION_FORMAT = dwarf;
				ENABLE_STRICT_OBJC_MSGSEND = YES;
				ENABLE_TESTABILITY = YES;
				GCC_C_LANGUAGE_STANDARD = gnu99;
				GCC_DYNAMIC_NO_PIC = NO;
				GCC_NO_COMMON_BLOCKS = YES;
				GCC_OPTIMIZATION_LEVEL = 0;
				GCC_PREPROCESSOR_DEFINITIONS = (
					"DEBUG=1",
					"$(inherited)",
				);
				GCC_WARN_64_TO_32_BIT_CONVERSION = YES;
				GCC_WARN_ABOUT_RETURN_TYPE = YES_ERROR;
				GCC_WARN_UNDECLARED_SELECTOR = YES;
				GCC_WARN_UNINITIALIZED_AUTOS = YES_AGGRESSIVE;
				GCC_WARN_UNUSED_FUNCTION = YES;
				GCC_WARN_UNUSED_VARIABLE = YES;
				IPHONEOS_DEPLOYMENT_TARGET = 9.3;
				MTL_ENABLE_DEBUG_INFO = YES;
				ONLY_ACTIVE_ARCH = YES;
				SDKROOT = iphoneos;
			};
			name = Debug;
		};
		9072AB681D87A25800383A8A /* Release */ = {
			isa = XCBuildConfiguration;
			buildSettings = {
				ALWAYS_SEARCH_USER_PATHS = NO;
				CLANG_ANALYZER_NONNULL = YES;
				CLANG_CXX_LANGUAGE_STANDARD = "gnu++0x";
				CLANG_CXX_LIBRARY = "libc++";
				CLANG_ENABLE_MODULES = YES;
				CLANG_ENABLE_OBJC_ARC = YES;
				CLANG_WARN_BOOL_CONVERSION = YES;
				CLANG_WARN_CONSTANT_CONVERSION = YES;
				CLANG_WARN_DIRECT_OBJC_ISA_USAGE = YES_ERROR;
				CLANG_WARN_EMPTY_BODY = YES;
				CLANG_WARN_ENUM_CONVERSION = YES;
				CLANG_WARN_INT_CONVERSION = YES;
				CLANG_WARN_OBJC_ROOT_CLASS = YES_ERROR;
				CLANG_WARN_UNREACHABLE_CODE = YES;
				CLANG_WARN__DUPLICATE_METHOD_MATCH = YES;
				"CODE_SIGN_IDENTITY[sdk=iphoneos*]" = "iPhone Developer";
				COPY_PHASE_STRIP = NO;
				DEBUG_INFORMATION_FORMAT = "dwarf-with-dsym";
				ENABLE_NS_ASSERTIONS = NO;
				ENABLE_STRICT_OBJC_MSGSEND = YES;
				GCC_C_LANGUAGE_STANDARD = gnu99;
				GCC_NO_COMMON_BLOCKS = YES;
				GCC_WARN_64_TO_32_BIT_CONVERSION = YES;
				GCC_WARN_ABOUT_RETURN_TYPE = YES_ERROR;
				GCC_WARN_UNDECLARED_SELECTOR = YES;
				GCC_WARN_UNINITIALIZED_AUTOS = YES_AGGRESSIVE;
				GCC_WARN_UNUSED_FUNCTION = YES;
				GCC_WARN_UNUSED_VARIABLE = YES;
				IPHONEOS_DEPLOYMENT_TARGET = 9.3;
				MTL_ENABLE_DEBUG_INFO = NO;
				SDKROOT = iphoneos;
				VALIDATE_PRODUCT = YES;
			};
			name = Release;
		};
		9072AB6A1D87A25800383A8A /* Debug */ = {
			isa = XCBuildConfiguration;
			buildSettings = {
				ASSETCATALOG_COMPILER_APPICON_NAME = AppIcon;
				INFOPLIST_FILE = CommonUtility/Info.plist;
				LD_RUNPATH_SEARCH_PATHS = "$(inherited) @executable_path/Frameworks";
				PRODUCT_BUNDLE_IDENTIFIER = com.dean.CommonUtility;
				PRODUCT_NAME = "$(TARGET_NAME)";
			};
			name = Debug;
		};
		9072AB6B1D87A25800383A8A /* Release */ = {
			isa = XCBuildConfiguration;
			buildSettings = {
				ASSETCATALOG_COMPILER_APPICON_NAME = AppIcon;
				INFOPLIST_FILE = CommonUtility/Info.plist;
				LD_RUNPATH_SEARCH_PATHS = "$(inherited) @executable_path/Frameworks";
				PRODUCT_BUNDLE_IDENTIFIER = com.dean.CommonUtility;
				PRODUCT_NAME = "$(TARGET_NAME)";
			};
			name = Release;
		};
/* End XCBuildConfiguration section */

/* Begin XCConfigurationList section */
		9072AB4D1D87A25700383A8A /* Build configuration list for PBXProject "CommonUtility" */ = {
			isa = XCConfigurationList;
			buildConfigurations = (
				9072AB671D87A25800383A8A /* Debug */,
				9072AB681D87A25800383A8A /* Release */,
			);
			defaultConfigurationIsVisible = 0;
			defaultConfigurationName = Release;
		};
		9072AB691D87A25800383A8A /* Build configuration list for PBXNativeTarget "CommonUtility" */ = {
			isa = XCConfigurationList;
			buildConfigurations = (
				9072AB6A1D87A25800383A8A /* Debug */,
				9072AB6B1D87A25800383A8A /* Release */,
			);
			defaultConfigurationIsVisible = 0;
		};
/* End XCConfigurationList section */
	};
	rootObject = 9072AB4A1D87A25700383A8A /* Project object */;
}
